
Microsoft Visual Studio Solution File, Format Version 12.00
# Visual Studio Version 17
VisualStudioVersion = 17.0.31912.275
MinimumVisualStudioVersion = 10.0.40219.1
Project("{9A19103F-16F7-4668-BE54-9A1E7A4F7556}") = "JF.Extensions", "JF.Extensions\JF.Extensions.csproj", "{1394468C-6137-4DF5-9428-8A0F45FA290F}"
EndProject
Project("{2150E333-8FDC-42A3-9474-1A3956D46DE8}") = "Librairies", "Librairies", "{4DAFE619-B784-4BE0-8705-955E53B3EDC4}"
EndProject
Project("{9A19103F-16F7-4668-BE54-9A1E7A4F7556}") = "JF.XmlTools", "JF.Xml\JF.XmlTools.csproj", "{0A8F3BC7-8B16-48DD-ADFD-4D26EB4AF61F}"
EndProject
Project("{2150E333-8FDC-42A3-9474-1A3956D46DE8}") = "Solution Items", "Solution Items", "{B36CD17F-3CD4-43A8-A438-196B1FAD4571}"
	ProjectSection(SolutionItems) = preProject
		NuGet Key.txt = NuGet Key.txt
	EndProjectSection
EndProject
Project("{FAE04EC0-301F-11D3-BF4B-00C04F79EFBC}") = "JF.RabbitMQ", "JF.RabbitMQ\JF.RabbitMQ.csproj", "{1584F7ED-3926-484C-BB1C-6FAE7A6BCDA6}"
EndProject
Project("{FAE04EC0-301F-11D3-BF4B-00C04F79EFBC}") = "TestAppSettings", "TestAppSettings\TestAppSettings.csproj", "{9AD88430-3767-4589-8689-77304AE289A0}"
EndProject
Project("{2150E333-8FDC-42A3-9474-1A3956D46DE8}") = "Applications", "Applications", "{A2575BC6-D7A5-4912-A901-309ADEA3B012}"
EndProject
Global
	GlobalSection(SolutionConfigurationPlatforms) = preSolution
		Debug|Any CPU = Debug|Any CPU
		Release|Any CPU = Release|Any CPU
	EndGlobalSection
	GlobalSection(ProjectConfigurationPlatforms) = postSolution
		{1394468C-6137-4DF5-9428-8A0F45FA290F}.Debug|Any CPU.ActiveCfg = Debug|Any CPU
		{1394468C-6137-4DF5-9428-8A0F45FA290F}.Debug|Any CPU.Build.0 = Debug|Any CPU
		{1394468C-6137-4DF5-9428-8A0F45FA290F}.Release|Any CPU.ActiveCfg = Release|Any CPU
		{1394468C-6137-4DF5-9428-8A0F45FA290F}.Release|Any CPU.Build.0 = Release|Any CPU
		{0A8F3BC7-8B16-48DD-ADFD-4D26EB4AF61F}.Debug|Any CPU.ActiveCfg = Debug|Any CPU
		{0A8F3BC7-8B16-48DD-ADFD-4D26EB4AF61F}.Debug|Any CPU.Build.0 = Debug|Any CPU
		{0A8F3BC7-8B16-48DD-ADFD-4D26EB4AF61F}.Release|Any CPU.ActiveCfg = Release|Any CPU
		{0A8F3BC7-8B16-48DD-ADFD-4D26EB4AF61F}.Release|Any CPU.Build.0 = Release|Any CPU
		{1584F7ED-3926-484C-BB1C-6FAE7A6BCDA6}.Debug|Any CPU.ActiveCfg = Debug|Any CPU
		{1584F7ED-3926-484C-BB1C-6FAE7A6BCDA6}.Debug|Any CPU.Build.0 = Debug|Any CPU
		{1584F7ED-3926-484C-BB1C-6FAE7A6BCDA6}.Release|Any CPU.ActiveCfg = Release|Any CPU
		{1584F7ED-3926-484C-BB1C-6FAE7A6BCDA6}.Release|Any CPU.Build.0 = Release|Any CPU
		{9AD88430-3767-4589-8689-77304AE289A0}.Debug|Any CPU.ActiveCfg = Debug|Any CPU
		{9AD88430-3767-4589-8689-77304AE289A0}.Debug|Any CPU.Build.0 = Debug|Any CPU
		{9AD88430-3767-4589-8689-77304AE289A0}.Release|Any CPU.ActiveCfg = Release|Any CPU
		{9AD88430-3767-4589-8689-77304AE289A0}.Release|Any CPU.Build.0 = Release|Any CPU
	EndGlobalSection
	GlobalSection(SolutionProperties) = preSolution
		HideSolutionNode = FALSE
	EndGlobalSection
	GlobalSection(NestedProjects) = preSolution
		{1394468C-6137-4DF5-9428-8A0F45FA290F} = {4DAFE619-B784-4BE0-8705-955E53B3EDC4}
		{0A8F3BC7-8B16-48DD-ADFD-4D26EB4AF61F} = {4DAFE619-B784-4BE0-8705-955E53B3EDC4}
		{1584F7ED-3926-484C-BB1C-6FAE7A6BCDA6} = {4DAFE619-B784-4BE0-8705-955E53B3EDC4}
		{9AD88430-3767-4589-8689-77304AE289A0} = {A2575BC6-D7A5-4912-A901-309ADEA3B012}
	EndGlobalSection
	GlobalSection(ExtensibilityGlobals) = postSolution
		SolutionGuid = {BA4D94C0-E4FA-4DF2-A2D7-7070259A9866}
	EndGlobalSection
EndGlobal
