
Microsoft Visual Studio Solution File, Format Version 12.00
# Visual Studio Version 17
VisualStudioVersion = 17.0.31912.275
MinimumVisualStudioVersion = 10.0.40219.1
Project("{9A19103F-16F7-4668-BE54-9A1E7A4F7556}") = "JF.Extensions", "JF.Extensions\JF.Extensions.csproj", "{1394468C-6137-4DF5-9428-8A0F45FA290F}"
EndProject
Project("{2150E333-8FDC-42A3-9474-1A3956D46DE8}") = "Librairies", "Librairies", "{4DAFE619-B784-4BE0-8705-955E53B3EDC4}"
EndProject
Project("{9A19103F-16F7-4668-BE54-9A1E7A4F7556}") = "JF.XmlTools", "JF.Xml\JF.XmlTools.csproj", "{0A8F3BC7-8B16-48DD-ADFD-4D26EB4AF61F}"
EndProject
Project("{2150E333-8FDC-42A3-9474-1A3956D46DE8}") = "Solution Items", "Solution Items", "{B36CD17F-3CD4-43A8-A438-196B1FAD4571}"
	ProjectSection(SolutionItems) = preProject
		NuGet Key.txt = NuGet Key.txt
	EndProjectSection
EndProject
Project("{9A19103F-16F7-4668-BE54-9A1E7A4F7556}") = "JF.RabbitMQ", "JF.RabbitMQ\JF.RabbitMQ.csproj", "{1584F7ED-3926-484C-BB1C-6FAE7A6BCDA6}"
EndProject
Project("{9A19103F-16F7-4668-BE54-9A1E7A4F7556}") = "TestAppSettings", "TestAppSettings\TestAppSettings.csproj", "{9AD88430-3767-4589-8689-77304AE289A0}"
EndProject
Project("{2150E333-8FDC-42A3-9474-1A3956D46DE8}") = "Applications", "Applications", "{A2575BC6-D7A5-4912-A901-309ADEA3B012}"
EndProject
Project("{9A19103F-16F7-4668-BE54-9A1E7A4F7556}") = "JF.Test", "JF.Test\JF.Test.csproj", "{00F64F7F-A43A-4CDC-A756-E3426FD0DFBA}"
EndProject
Project("{FAE04EC0-301F-11D3-BF4B-00C04F79EFBC}") = "JF.WPF.BindableObject", "JF.WPF.BindableObject\JF.WPF.BindableObject.csproj", "{3EA78AF8-77F3-47E8-BFD1-BFFF9CEDE35D}"
EndProject
Project("{FAE04EC0-301F-11D3-BF4B-00C04F79EFBC}") = "JF.WPF.MVVM.BindableObject", "JF.WPF.MVVM.BindableObject\JF.WPF.MVVM.BindableObject.csproj", "{B545560A-B883-4BC4-9174-91A81FAC033A}"
EndProject
Project("{FAE04EC0-301F-11D3-BF4B-00C04F79EFBC}") = "JF.WPF.MVVM.CommandSink", "JF.WPF.MVVM.CommandSink\JF.WPF.MVVM.CommandSink.csproj", "{4D1D7232-221C-4F37-8FEC-846983B8A100}"
EndProject
Project("{FAE04EC0-301F-11D3-BF4B-00C04F79EFBC}") = "JF.WPF.MVVM.ViewModelBase", "JF.WPF.MVVM.ViewModelBase\JF.WPF.MVVM.ViewModelBase.csproj", "{64943228-8E05-443D-BC73-C89405C25425}"
EndProject
Project("{FAE04EC0-301F-11D3-BF4B-00C04F79EFBC}") = "JF.WPF.Controls.XmlBrowser", "JF.WPF.Controls.XmlBrowser\JF.WPF.Controls.XmlBrowser.csproj", "{712C0836-D861-4A4C-A977-470358F375EA}"
EndProject
Global
	GlobalSection(SolutionConfigurationPlatforms) = preSolution
		Debug|Any CPU = Debug|Any CPU
		Release|Any CPU = Release|Any CPU
	EndGlobalSection
	GlobalSection(ProjectConfigurationPlatforms) = postSolution
		{1394468C-6137-4DF5-9428-8A0F45FA290F}.Debug|Any CPU.ActiveCfg = Debug|Any CPU
		{1394468C-6137-4DF5-9428-8A0F45FA290F}.Debug|Any CPU.Build.0 = Debug|Any CPU
		{1394468C-6137-4DF5-9428-8A0F45FA290F}.Release|Any CPU.ActiveCfg = Release|Any CPU
		{1394468C-6137-4DF5-9428-8A0F45FA290F}.Release|Any CPU.Build.0 = Release|Any CPU
		{0A8F3BC7-8B16-48DD-ADFD-4D26EB4AF61F}.Debug|Any CPU.ActiveCfg = Debug|Any CPU
		{0A8F3BC7-8B16-48DD-ADFD-4D26EB4AF61F}.Debug|Any CPU.Build.0 = Debug|Any CPU
		{0A8F3BC7-8B16-48DD-ADFD-4D26EB4AF61F}.Release|Any CPU.ActiveCfg = Release|Any CPU
		{0A8F3BC7-8B16-48DD-ADFD-4D26EB4AF61F}.Release|Any CPU.Build.0 = Release|Any CPU
		{1584F7ED-3926-484C-BB1C-6FAE7A6BCDA6}.Debug|Any CPU.ActiveCfg = Debug|Any CPU
		{1584F7ED-3926-484C-BB1C-6FAE7A6BCDA6}.Debug|Any CPU.Build.0 = Debug|Any CPU
		{1584F7ED-3926-484C-BB1C-6FAE7A6BCDA6}.Release|Any CPU.ActiveCfg = Release|Any CPU
		{1584F7ED-3926-484C-BB1C-6FAE7A6BCDA6}.Release|Any CPU.Build.0 = Release|Any CPU
		{9AD88430-3767-4589-8689-77304AE289A0}.Debug|Any CPU.ActiveCfg = Debug|Any CPU
		{9AD88430-3767-4589-8689-77304AE289A0}.Debug|Any CPU.Build.0 = Debug|Any CPU
		{9AD88430-3767-4589-8689-77304AE289A0}.Release|Any CPU.ActiveCfg = Release|Any CPU
		{9AD88430-3767-4589-8689-77304AE289A0}.Release|Any CPU.Build.0 = Release|Any CPU
		{00F64F7F-A43A-4CDC-A756-E3426FD0DFBA}.Debug|Any CPU.ActiveCfg = Debug|Any CPU
		{00F64F7F-A43A-4CDC-A756-E3426FD0DFBA}.Debug|Any CPU.Build.0 = Debug|Any CPU
		{00F64F7F-A43A-4CDC-A756-E3426FD0DFBA}.Release|Any CPU.ActiveCfg = Release|Any CPU
		{00F64F7F-A43A-4CDC-A756-E3426FD0DFBA}.Release|Any CPU.Build.0 = Release|Any CPU
		{3EA78AF8-77F3-47E8-BFD1-BFFF9CEDE35D}.Debug|Any CPU.ActiveCfg = Debug|Any CPU
		{3EA78AF8-77F3-47E8-BFD1-BFFF9CEDE35D}.Debug|Any CPU.Build.0 = Debug|Any CPU
		{3EA78AF8-77F3-47E8-BFD1-BFFF9CEDE35D}.Release|Any CPU.ActiveCfg = Release|Any CPU
		{3EA78AF8-77F3-47E8-BFD1-BFFF9CEDE35D}.Release|Any CPU.Build.0 = Release|Any CPU
		{B545560A-B883-4BC4-9174-91A81FAC033A}.Debug|Any CPU.ActiveCfg = Debug|Any CPU
		{B545560A-B883-4BC4-9174-91A81FAC033A}.Debug|Any CPU.Build.0 = Debug|Any CPU
		{B545560A-B883-4BC4-9174-91A81FAC033A}.Release|Any CPU.ActiveCfg = Release|Any CPU
		{B545560A-B883-4BC4-9174-91A81FAC033A}.Release|Any CPU.Build.0 = Release|Any CPU
		{4D1D7232-221C-4F37-8FEC-846983B8A100}.Debug|Any CPU.ActiveCfg = Debug|Any CPU
		{4D1D7232-221C-4F37-8FEC-846983B8A100}.Debug|Any CPU.Build.0 = Debug|Any CPU
		{4D1D7232-221C-4F37-8FEC-846983B8A100}.Release|Any CPU.ActiveCfg = Release|Any CPU
		{4D1D7232-221C-4F37-8FEC-846983B8A100}.Release|Any CPU.Build.0 = Release|Any CPU
		{64943228-8E05-443D-BC73-C89405C25425}.Debug|Any CPU.ActiveCfg = Debug|Any CPU
		{64943228-8E05-443D-BC73-C89405C25425}.Debug|Any CPU.Build.0 = Debug|Any CPU
		{64943228-8E05-443D-BC73-C89405C25425}.Release|Any CPU.ActiveCfg = Release|Any CPU
		{64943228-8E05-443D-BC73-C89405C25425}.Release|Any CPU.Build.0 = Release|Any CPU
		{712C0836-D861-4A4C-A977-470358F375EA}.Debug|Any CPU.ActiveCfg = Debug|Any CPU
		{712C0836-D861-4A4C-A977-470358F375EA}.Debug|Any CPU.Build.0 = Debug|Any CPU
		{712C0836-D861-4A4C-A977-470358F375EA}.Release|Any CPU.ActiveCfg = Release|Any CPU
		{712C0836-D861-4A4C-A977-470358F375EA}.Release|Any CPU.Build.0 = Release|Any CPU
	EndGlobalSection
	GlobalSection(SolutionProperties) = preSolution
		HideSolutionNode = FALSE
	EndGlobalSection
	GlobalSection(NestedProjects) = preSolution
		{1394468C-6137-4DF5-9428-8A0F45FA290F} = {4DAFE619-B784-4BE0-8705-955E53B3EDC4}
		{0A8F3BC7-8B16-48DD-ADFD-4D26EB4AF61F} = {4DAFE619-B784-4BE0-8705-955E53B3EDC4}
		{1584F7ED-3926-484C-BB1C-6FAE7A6BCDA6} = {4DAFE619-B784-4BE0-8705-955E53B3EDC4}
		{9AD88430-3767-4589-8689-77304AE289A0} = {A2575BC6-D7A5-4912-A901-309ADEA3B012}
		{00F64F7F-A43A-4CDC-A756-E3426FD0DFBA} = {4DAFE619-B784-4BE0-8705-955E53B3EDC4}
		{3EA78AF8-77F3-47E8-BFD1-BFFF9CEDE35D} = {4DAFE619-B784-4BE0-8705-955E53B3EDC4}
		{B545560A-B883-4BC4-9174-91A81FAC033A} = {4DAFE619-B784-4BE0-8705-955E53B3EDC4}
		{4D1D7232-221C-4F37-8FEC-846983B8A100} = {4DAFE619-B784-4BE0-8705-955E53B3EDC4}
		{64943228-8E05-443D-BC73-C89405C25425} = {4DAFE619-B784-4BE0-8705-955E53B3EDC4}
		{712C0836-D861-4A4C-A977-470358F375EA} = {4DAFE619-B784-4BE0-8705-955E53B3EDC4}
	EndGlobalSection
	GlobalSection(ExtensibilityGlobals) = postSolution
		SolutionGuid = {BA4D94C0-E4FA-4DF2-A2D7-7070259A9866}
	EndGlobalSection
EndGlobal
